
Microsoft Visual Studio Solution File, Format Version 12.00
# Visual Studio Version 16
VisualStudioVersion = 16.0.30717.126
MinimumVisualStudioVersion = 10.0.40219.1
Project("{9A19103F-16F7-4668-BE54-9A1E7A4F7556}") = "Cores", "Cores\Cores.csproj", "{FAF785CC-0502-4C84-86CE-71FE5589EA7F}"
EndProject
Project("{9A19103F-16F7-4668-BE54-9A1E7A4F7556}") = "Entitiess", "Entitiess\Entitiess.csproj", "{AD7E5B85-8E4A-4A5C-A078-61EAA7AC4A5A}"
EndProject
Project("{9A19103F-16F7-4668-BE54-9A1E7A4F7556}") = "D.A.L", "D.A.L\D.A.L.csproj", "{AC0F598C-3EAB-4200-BB7F-97CBA2E905F5}"
EndProject
Project("{9A19103F-16F7-4668-BE54-9A1E7A4F7556}") = "B.L", "B.L\B.L.csproj", "{4D405F72-5E8D-4E39-8B0A-AEA323BF6A5F}"
EndProject
Project("{9A19103F-16F7-4668-BE54-9A1E7A4F7556}") = "WebUI", "WebUI\WebUI.csproj", "{6FAC243D-CF38-4C3D-A1B7-2E2B7085414A}"
EndProject
Project("{9A19103F-16F7-4668-BE54-9A1E7A4F7556}") = "UIAdmin", "UIAdmin\UIAdmin.csproj", "{D2DEE334-5E8A-4E52-8E76-845F30239F14}"
EndProject
Project("{9A19103F-16F7-4668-BE54-9A1E7A4F7556}") = "WebAPI", "WebAPI\WebAPI.csproj", "{9849F460-8086-4999-82A1-0BED9761D7E8}"
EndProject
Global
	GlobalSection(SolutionConfigurationPlatforms) = preSolution
		Debug|Any CPU = Debug|Any CPU
		Release|Any CPU = Release|Any CPU
	EndGlobalSection
	GlobalSection(ProjectConfigurationPlatforms) = postSolution
		{FAF785CC-0502-4C84-86CE-71FE5589EA7F}.Debug|Any CPU.ActiveCfg = Debug|Any CPU
		{FAF785CC-0502-4C84-86CE-71FE5589EA7F}.Debug|Any CPU.Build.0 = Debug|Any CPU
		{FAF785CC-0502-4C84-86CE-71FE5589EA7F}.Release|Any CPU.ActiveCfg = Release|Any CPU
		{FAF785CC-0502-4C84-86CE-71FE5589EA7F}.Release|Any CPU.Build.0 = Release|Any CPU
		{AD7E5B85-8E4A-4A5C-A078-61EAA7AC4A5A}.Debug|Any CPU.ActiveCfg = Debug|Any CPU
		{AD7E5B85-8E4A-4A5C-A078-61EAA7AC4A5A}.Debug|Any CPU.Build.0 = Debug|Any CPU
		{AD7E5B85-8E4A-4A5C-A078-61EAA7AC4A5A}.Release|Any CPU.ActiveCfg = Release|Any CPU
		{AD7E5B85-8E4A-4A5C-A078-61EAA7AC4A5A}.Release|Any CPU.Build.0 = Release|Any CPU
		{AC0F598C-3EAB-4200-BB7F-97CBA2E905F5}.Debug|Any CPU.ActiveCfg = Debug|Any CPU
		{AC0F598C-3EAB-4200-BB7F-97CBA2E905F5}.Debug|Any CPU.Build.0 = Debug|Any CPU
		{AC0F598C-3EAB-4200-BB7F-97CBA2E905F5}.Release|Any CPU.ActiveCfg = Release|Any CPU
		{AC0F598C-3EAB-4200-BB7F-97CBA2E905F5}.Release|Any CPU.Build.0 = Release|Any CPU
		{4D405F72-5E8D-4E39-8B0A-AEA323BF6A5F}.Debug|Any CPU.ActiveCfg = Debug|Any CPU
		{4D405F72-5E8D-4E39-8B0A-AEA323BF6A5F}.Debug|Any CPU.Build.0 = Debug|Any CPU
		{4D405F72-5E8D-4E39-8B0A-AEA323BF6A5F}.Release|Any CPU.ActiveCfg = Release|Any CPU
		{4D405F72-5E8D-4E39-8B0A-AEA323BF6A5F}.Release|Any CPU.Build.0 = Release|Any CPU
		{6FAC243D-CF38-4C3D-A1B7-2E2B7085414A}.Debug|Any CPU.ActiveCfg = Debug|Any CPU
		{6FAC243D-CF38-4C3D-A1B7-2E2B7085414A}.Debug|Any CPU.Build.0 = Debug|Any CPU
		{6FAC243D-CF38-4C3D-A1B7-2E2B7085414A}.Release|Any CPU.ActiveCfg = Release|Any CPU
		{6FAC243D-CF38-4C3D-A1B7-2E2B7085414A}.Release|Any CPU.Build.0 = Release|Any CPU
		{D2DEE334-5E8A-4E52-8E76-845F30239F14}.Debug|Any CPU.ActiveCfg = Debug|Any CPU
		{D2DEE334-5E8A-4E52-8E76-845F30239F14}.Debug|Any CPU.Build.0 = Debug|Any CPU
		{D2DEE334-5E8A-4E52-8E76-845F30239F14}.Release|Any CPU.ActiveCfg = Release|Any CPU
		{D2DEE334-5E8A-4E52-8E76-845F30239F14}.Release|Any CPU.Build.0 = Release|Any CPU
		{9849F460-8086-4999-82A1-0BED9761D7E8}.Debug|Any CPU.ActiveCfg = Debug|Any CPU
		{9849F460-8086-4999-82A1-0BED9761D7E8}.Debug|Any CPU.Build.0 = Debug|Any CPU
		{9849F460-8086-4999-82A1-0BED9761D7E8}.Release|Any CPU.ActiveCfg = Release|Any CPU
		{9849F460-8086-4999-82A1-0BED9761D7E8}.Release|Any CPU.Build.0 = Release|Any CPU
	EndGlobalSection
	GlobalSection(SolutionProperties) = preSolution
		HideSolutionNode = FALSE
	EndGlobalSection
	GlobalSection(ExtensibilityGlobals) = postSolution
		SolutionGuid = {99669243-A0C5-49A3-B3A4-DA36FD431877}
	EndGlobalSection
EndGlobal
